{
  "name": "amazon",
  "version": "1.0.0",
  "lockfileVersion": 3,
  "requires": true,
  "packages": {
    "": {
      "name": "amazon",
      "version": "1.0.0",
      "license": "ISC",
      "dependencies": {
        "mcp-server-amazon": "^0.0.1"
      }
    },
    "node_modules/mcp-server-amazon": {
      "version": "0.0.1",
      "resolved": "https://registry.npmjs.org/mcp-server-amazon/-/mcp-server-amazon-0.0.1.tgz",
      "integrity": "sha512-XA9168DvGd++thjDoEDgr6//BxOUEdqufSN9bEHGs/9JTSn2dfCP2nNEwAq+RiuTreey2t51XR5NXkT+c9xeig==",
      "license": "MIT"
    }
  }
}
